
Microsoft Visual Studio Solution File, Format Version 12.00
# Visual Studio Version 16
VisualStudioVersion = 16.0.31321.278
MinimumVisualStudioVersion = 10.0.40219.1
Project("{FAE04EC0-301F-11D3-BF4B-00C04F79EFBC}") = "CryptographicAlgorithms", "CryptographicAlgorithms\CryptographicAlgorithms.csproj", "{F0C2B539-84E2-43E3-98AD-BACB044CC830}"
EndProject
Project("{FAE04EC0-301F-11D3-BF4B-00C04F79EFBC}") = "AlgorithmsLibrary", "AlgorithmsLibrary\AlgorithmsLibrary.csproj", "{D5584F61-19BC-46DD-9747-8A6FA86F2615}"
EndProject
Global
	GlobalSection(SolutionConfigurationPlatforms) = preSolution
		Debug|Any CPU = Debug|Any CPU
		Debug|x64 = Debug|x64
		Release|Any CPU = Release|Any CPU
		Release|x64 = Release|x64
	EndGlobalSection
	GlobalSection(ProjectConfigurationPlatforms) = postSolution
		{F0C2B539-84E2-43E3-98AD-BACB044CC830}.Debug|Any CPU.ActiveCfg = Debug|Any CPU
		{F0C2B539-84E2-43E3-98AD-BACB044CC830}.Debug|Any CPU.Build.0 = Debug|Any CPU
		{F0C2B539-84E2-43E3-98AD-BACB044CC830}.Debug|x64.ActiveCfg = Debug|x64
		{F0C2B539-84E2-43E3-98AD-BACB044CC830}.Debug|x64.Build.0 = Debug|x64
		{F0C2B539-84E2-43E3-98AD-BACB044CC830}.Release|Any CPU.ActiveCfg = Release|Any CPU
		{F0C2B539-84E2-43E3-98AD-BACB044CC830}.Release|Any CPU.Build.0 = Release|Any CPU
		{F0C2B539-84E2-43E3-98AD-BACB044CC830}.Release|x64.ActiveCfg = Release|x64
		{F0C2B539-84E2-43E3-98AD-BACB044CC830}.Release|x64.Build.0 = Release|x64
		{D5584F61-19BC-46DD-9747-8A6FA86F2615}.Debug|Any CPU.ActiveCfg = Debug|Any CPU
		{D5584F61-19BC-46DD-9747-8A6FA86F2615}.Debug|Any CPU.Build.0 = Debug|Any CPU
		{D5584F61-19BC-46DD-9747-8A6FA86F2615}.Debug|x64.ActiveCfg = Debug|Any CPU
		{D5584F61-19BC-46DD-9747-8A6FA86F2615}.Debug|x64.Build.0 = Debug|Any CPU
		{D5584F61-19BC-46DD-9747-8A6FA86F2615}.Release|Any CPU.ActiveCfg = Release|Any CPU
		{D5584F61-19BC-46DD-9747-8A6FA86F2615}.Release|Any CPU.Build.0 = Release|Any CPU
		{D5584F61-19BC-46DD-9747-8A6FA86F2615}.Release|x64.ActiveCfg = Release|Any CPU
		{D5584F61-19BC-46DD-9747-8A6FA86F2615}.Release|x64.Build.0 = Release|Any CPU
	EndGlobalSection
	GlobalSection(SolutionProperties) = preSolution
		HideSolutionNode = FALSE
	EndGlobalSection
	GlobalSection(ExtensibilityGlobals) = postSolution
		SolutionGuid = {6A489676-9CDA-4627-A1D0-392088814C1A}
	EndGlobalSection
EndGlobal
